
Microsoft Visual Studio Solution File, Format Version 12.00
# Visual Studio 2013
VisualStudioVersion = 12.0.30501.0
MinimumVisualStudioVersion = 10.0.40219.1
Project("{FAE04EC0-301F-11D3-BF4B-00C04F79EFBC}") = "FRC_Scouting", "FRC_Scouting\FRC_Scouting.csproj", "{BEA8DBFA-751C-4EB7-B697-8397093C95E3}"
EndProject
Project("{FAE04EC0-301F-11D3-BF4B-00C04F79EFBC}") = "GeneralForm", "General Form\GeneralForm.csproj", "{9862B9F1-5BC2-411F-A373-103DC585BDE9}"
EndProject
Global
	GlobalSection(SolutionConfigurationPlatforms) = preSolution
		Debug|Any CPU = Debug|Any CPU
		Release|Any CPU = Release|Any CPU
	EndGlobalSection
	GlobalSection(ProjectConfigurationPlatforms) = postSolution
		{BEA8DBFA-751C-4EB7-B697-8397093C95E3}.Debug|Any CPU.ActiveCfg = Debug|Any CPU
		{BEA8DBFA-751C-4EB7-B697-8397093C95E3}.Debug|Any CPU.Build.0 = Debug|Any CPU
		{BEA8DBFA-751C-4EB7-B697-8397093C95E3}.Release|Any CPU.ActiveCfg = Release|Any CPU
		{BEA8DBFA-751C-4EB7-B697-8397093C95E3}.Release|Any CPU.Build.0 = Release|Any CPU
		{9862B9F1-5BC2-411F-A373-103DC585BDE9}.Debug|Any CPU.ActiveCfg = Debug|Any CPU
		{9862B9F1-5BC2-411F-A373-103DC585BDE9}.Debug|Any CPU.Build.0 = Debug|Any CPU
		{9862B9F1-5BC2-411F-A373-103DC585BDE9}.Release|Any CPU.ActiveCfg = Release|Any CPU
		{9862B9F1-5BC2-411F-A373-103DC585BDE9}.Release|Any CPU.Build.0 = Release|Any CPU
	EndGlobalSection
	GlobalSection(SolutionProperties) = preSolution
		HideSolutionNode = FALSE
	EndGlobalSection
EndGlobal
